
Microsoft Visual Studio Solution File, Format Version 12.00
# Visual Studio Version 17
VisualStudioVersion = 17.8.34408.163
MinimumVisualStudioVersion = 10.0.40219.1
Project("{FAE04EC0-301F-11D3-BF4B-00C04F79EFBC}") = "MinhaListadeTarefas", "MinhaListadeTarefas\MinhaListadeTarefas.csproj", "{B9A2F9E8-F6D0-41C9-961F-20F7D67CE001}"
EndProject
Global
	GlobalSection(SolutionConfigurationPlatforms) = preSolution
		Debug|Any CPU = Debug|Any CPU
		Release|Any CPU = Release|Any CPU
	EndGlobalSection
	GlobalSection(ProjectConfigurationPlatforms) = postSolution
		{B9A2F9E8-F6D0-41C9-961F-20F7D67CE001}.Debug|Any CPU.ActiveCfg = Debug|Any CPU
		{B9A2F9E8-F6D0-41C9-961F-20F7D67CE001}.Debug|Any CPU.Build.0 = Debug|Any CPU
		{B9A2F9E8-F6D0-41C9-961F-20F7D67CE001}.Release|Any CPU.ActiveCfg = Release|Any CPU
		{B9A2F9E8-F6D0-41C9-961F-20F7D67CE001}.Release|Any CPU.Build.0 = Release|Any CPU
	EndGlobalSection
	GlobalSection(SolutionProperties) = preSolution
		HideSolutionNode = FALSE
	EndGlobalSection
	GlobalSection(ExtensibilityGlobals) = postSolution
		SolutionGuid = {8033F8CA-8475-42A2-9EFE-182A75E6B7D6}
	EndGlobalSection
EndGlobal
